// !$*UTF8*$!
{
	archiveVersion = 1;
	classes = {
	};
	objectVersion = 55;
	objects = {

/* Begin PBXBuildFile section */
		7430143427976E8400B5FEFF /* View+Extension.swift in Sources */ = {isa = PBXBuildFile; fileRef = 7430143327976E8400B5FEFF /* View+Extension.swift */; };
		743014362797734B00B5FEFF /* PopupView.swift in Sources */ = {isa = PBXBuildFile; fileRef = 743014352797734B00B5FEFF /* PopupView.swift */; };
		744F662C2794AA2B007A4336 /* RickAndMortyApp.swift in Sources */ = {isa = PBXBuildFile; fileRef = 744F662B2794AA2B007A4336 /* RickAndMortyApp.swift */; };
		744F662E2794AA2B007A4336 /* ContentView.swift in Sources */ = {isa = PBXBuildFile; fileRef = 744F662D2794AA2B007A4336 /* ContentView.swift */; };
		744F66302794AA2D007A4336 /* Assets.xcassets in Resources */ = {isa = PBXBuildFile; fileRef = 744F662F2794AA2D007A4336 /* Assets.xcassets */; };
		744F66332794AA2D007A4336 /* Preview Assets.xcassets in Resources */ = {isa = PBXBuildFile; fileRef = 744F66322794AA2D007A4336 /* Preview Assets.xcassets */; };
		744F663A2794AAB9007A4336 /* RickAndMortyModel.swift in Sources */ = {isa = PBXBuildFile; fileRef = 744F66392794AAB9007A4336 /* RickAndMortyModel.swift */; };
		744F663C2794AB07007A4336 /* RickAndMortyError.swift in Sources */ = {isa = PBXBuildFile; fileRef = 744F663B2794AB07007A4336 /* RickAndMortyError.swift */; };
		744F663E2794AB15007A4336 /* Service.swift in Sources */ = {isa = PBXBuildFile; fileRef = 744F663D2794AB15007A4336 /* Service.swift */; };
		7453FC6F2795784D00ED9BB6 /* EpisodesTabView.swift in Sources */ = {isa = PBXBuildFile; fileRef = 7453FC6E2795784D00ED9BB6 /* EpisodesTabView.swift */; };
		7453FC712795799400ED9BB6 /* EpisodesModel.swift in Sources */ = {isa = PBXBuildFile; fileRef = 7453FC702795799400ED9BB6 /* EpisodesModel.swift */; };
		7453FC7327957A2400ED9BB6 /* EpisodeCellView.swift in Sources */ = {isa = PBXBuildFile; fileRef = 7453FC7227957A2400ED9BB6 /* EpisodeCellView.swift */; };
		7453FC7527957A5700ED9BB6 /* EpisodeViewModel.swift in Sources */ = {isa = PBXBuildFile; fileRef = 7453FC7427957A5700ED9BB6 /* EpisodeViewModel.swift */; };
		7453FC7B27957ECA00ED9BB6 /* Double+Extension.swift in Sources */ = {isa = PBXBuildFile; fileRef = 7453FC7A27957ECA00ED9BB6 /* Double+Extension.swift */; };
		7453FC7E2795818F00ED9BB6 /* EpisodeDetailView.swift in Sources */ = {isa = PBXBuildFile; fileRef = 7453FC7D2795818F00ED9BB6 /* EpisodeDetailView.swift */; };
		7453FC802795819E00ED9BB6 /* EpisodeDetailViewModel.swift in Sources */ = {isa = PBXBuildFile; fileRef = 7453FC7F2795819E00ED9BB6 /* EpisodeDetailViewModel.swift */; };
		7453FC83279582C400ED9BB6 /* LocationViewModel.swift in Sources */ = {isa = PBXBuildFile; fileRef = 7453FC82279582C400ED9BB6 /* LocationViewModel.swift */; };
		7453FC85279582D500ED9BB6 /* LocationTabView.swift in Sources */ = {isa = PBXBuildFile; fileRef = 7453FC84279582D500ED9BB6 /* LocationTabView.swift */; };
		7453FC87279582E000ED9BB6 /* LocationCellView.swift in Sources */ = {isa = PBXBuildFile; fileRef = 7453FC86279582E000ED9BB6 /* LocationCellView.swift */; };
		7453FC89279582EE00ED9BB6 /* LocationModel.swift in Sources */ = {isa = PBXBuildFile; fileRef = 7453FC88279582EE00ED9BB6 /* LocationModel.swift */; };
		7453FC8B2795966600ED9BB6 /* String+Extension.swift in Sources */ = {isa = PBXBuildFile; fileRef = 7453FC8A2795966600ED9BB6 /* String+Extension.swift */; };
		7467997B27955FD800D84A6A /* MainView.swift in Sources */ = {isa = PBXBuildFile; fileRef = 7467997A27955FD800D84A6A /* MainView.swift */; };
		74E45E082796ADBD005F986B /* Character.swift in Sources */ = {isa = PBXBuildFile; fileRef = 74E45E072796ADBD005F986B /* Character.swift */; };
		74E45E0A2796ADEE005F986B /* Location.swift in Sources */ = {isa = PBXBuildFile; fileRef = 74E45E092796ADEE005F986B /* Location.swift */; };
		74E45E0C2796AE46005F986B /* InfoModel.swift in Sources */ = {isa = PBXBuildFile; fileRef = 74E45E0B2796AE46005F986B /* InfoModel.swift */; };
		74E45E0F2796AEE7005F986B /* EpisodeResult.swift in Sources */ = {isa = PBXBuildFile; fileRef = 74E45E0E2796AEE7005F986B /* EpisodeResult.swift */; };
		74E45E122796AF08005F986B /* LocationResult.swift in Sources */ = {isa = PBXBuildFile; fileRef = 74E45E112796AF08005F986B /* LocationResult.swift */; };
		74E45E142796AF7F005F986B /* EndpointType.swift in Sources */ = {isa = PBXBuildFile; fileRef = 74E45E132796AF7F005F986B /* EndpointType.swift */; };
		74E45E202796B553005F986B /* CharactersTabView.swift in Sources */ = {isa = PBXBuildFile; fileRef = 74E45E1D2796B553005F986B /* CharactersTabView.swift */; };
		74E45E212796B553005F986B /* CharCellView.swift in Sources */ = {isa = PBXBuildFile; fileRef = 74E45E1E2796B553005F986B /* CharCellView.swift */; };
		74E45E222796B553005F986B /* CharViewModel.swift in Sources */ = {isa = PBXBuildFile; fileRef = 74E45E1F2796B553005F986B /* CharViewModel.swift */; };
		74E45E262796C072005F986B /* LocationDetailView.swift in Sources */ = {isa = PBXBuildFile; fileRef = 74E45E252796C072005F986B /* LocationDetailView.swift */; };
		74E45E282796C07D005F986B /* LocationDetailViewModel.swift in Sources */ = {isa = PBXBuildFile; fileRef = 74E45E272796C07D005F986B /* LocationDetailViewModel.swift */; };
/* End PBXBuildFile section */

/* Begin PBXFileReference section */
		7430143327976E8400B5FEFF /* View+Extension.swift */ = {isa = PBXFileReference; lastKnownFileType = sourcecode.swift; path = "View+Extension.swift"; sourceTree = "<group>"; };
		743014352797734B00B5FEFF /* PopupView.swift */ = {isa = PBXFileReference; lastKnownFileType = sourcecode.swift; path = PopupView.swift; sourceTree = "<group>"; };
		744F66282794AA2B007A4336 /* RickAndMorty.app */ = {isa = PBXFileReference; explicitFileType = wrapper.application; includeInIndex = 0; path = RickAndMorty.app; sourceTree = BUILT_PRODUCTS_DIR; };
		744F662B2794AA2B007A4336 /* RickAndMortyApp.swift */ = {isa = PBXFileReference; lastKnownFileType = sourcecode.swift; path = RickAndMortyApp.swift; sourceTree = "<group>"; };
		744F662D2794AA2B007A4336 /* ContentView.swift */ = {isa = PBXFileReference; lastKnownFileType = sourcecode.swift; path = ContentView.swift; sourceTree = "<group>"; };
		744F662F2794AA2D007A4336 /* Assets.xcassets */ = {isa = PBXFileReference; lastKnownFileType = folder.assetcatalog; path = Assets.xcassets; sourceTree = "<group>"; };
		744F66322794AA2D007A4336 /* Preview Assets.xcassets */ = {isa = PBXFileReference; lastKnownFileType = folder.assetcatalog; path = "Preview Assets.xcassets"; sourceTree = "<group>"; };
		744F66392794AAB9007A4336 /* RickAndMortyModel.swift */ = {isa = PBXFileReference; lastKnownFileType = sourcecode.swift; path = RickAndMortyModel.swift; sourceTree = "<group>"; };
		744F663B2794AB07007A4336 /* RickAndMortyError.swift */ = {isa = PBXFileReference; lastKnownFileType = sourcecode.swift; path = RickAndMortyError.swift; sourceTree = "<group>"; };
		744F663D2794AB15007A4336 /* Service.swift */ = {isa = PBXFileReference; lastKnownFileType = sourcecode.swift; path = Service.swift; sourceTree = "<group>"; };
		7453FC6E2795784D00ED9BB6 /* EpisodesTabView.swift */ = {isa = PBXFileReference; lastKnownFileType = sourcecode.swift; path = EpisodesTabView.swift; sourceTree = "<group>"; };
		7453FC702795799400ED9BB6 /* EpisodesModel.swift */ = {isa = PBXFileReference; lastKnownFileType = sourcecode.swift; path = EpisodesModel.swift; sourceTree = "<group>"; };
		7453FC7227957A2400ED9BB6 /* EpisodeCellView.swift */ = {isa = PBXFileReference; lastKnownFileType = sourcecode.swift; path = EpisodeCellView.swift; sourceTree = "<group>"; };
		7453FC7427957A5700ED9BB6 /* EpisodeViewModel.swift */ = {isa = PBXFileReference; lastKnownFileType = sourcecode.swift; path = EpisodeViewModel.swift; sourceTree = "<group>"; };
		7453FC7A27957ECA00ED9BB6 /* Double+Extension.swift */ = {isa = PBXFileReference; lastKnownFileType = sourcecode.swift; path = "Double+Extension.swift"; sourceTree = "<group>"; };
		7453FC7D2795818F00ED9BB6 /* EpisodeDetailView.swift */ = {isa = PBXFileReference; lastKnownFileType = sourcecode.swift; path = EpisodeDetailView.swift; sourceTree = "<group>"; };
		7453FC7F2795819E00ED9BB6 /* EpisodeDetailViewModel.swift */ = {isa = PBXFileReference; lastKnownFileType = sourcecode.swift; path = EpisodeDetailViewModel.swift; sourceTree = "<group>"; };
		7453FC82279582C400ED9BB6 /* LocationViewModel.swift */ = {isa = PBXFileReference; lastKnownFileType = sourcecode.swift; path = LocationViewModel.swift; sourceTree = "<group>"; };
		7453FC84279582D500ED9BB6 /* LocationTabView.swift */ = {isa = PBXFileReference; lastKnownFileType = sourcecode.swift; path = LocationTabView.swift; sourceTree = "<group>"; };
		7453FC86279582E000ED9BB6 /* LocationCellView.swift */ = {isa = PBXFileReference; lastKnownFileType = sourcecode.swift; path = LocationCellView.swift; sourceTree = "<group>"; };
		7453FC88279582EE00ED9BB6 /* LocationModel.swift */ = {isa = PBXFileReference; lastKnownFileType = sourcecode.swift; path = LocationModel.swift; sourceTree = "<group>"; };
		7453FC8A2795966600ED9BB6 /* String+Extension.swift */ = {isa = PBXFileReference; lastKnownFileType = sourcecode.swift; path = "String+Extension.swift"; sourceTree = "<group>"; };
		7467997A27955FD800D84A6A /* MainView.swift */ = {isa = PBXFileReference; lastKnownFileType = sourcecode.swift; path = MainView.swift; sourceTree = "<group>"; };
		74E45E072796ADBD005F986B /* Character.swift */ = {isa = PBXFileReference; lastKnownFileType = sourcecode.swift; path = Character.swift; sourceTree = "<group>"; };
		74E45E092796ADEE005F986B /* Location.swift */ = {isa = PBXFileReference; lastKnownFileType = sourcecode.swift; path = Location.swift; sourceTree = "<group>"; };
		74E45E0B2796AE46005F986B /* InfoModel.swift */ = {isa = PBXFileReference; lastKnownFileType = sourcecode.swift; path = InfoModel.swift; sourceTree = "<group>"; };
		74E45E0E2796AEE7005F986B /* EpisodeResult.swift */ = {isa = PBXFileReference; lastKnownFileType = sourcecode.swift; path = EpisodeResult.swift; sourceTree = "<group>"; };
		74E45E112796AF08005F986B /* LocationResult.swift */ = {isa = PBXFileReference; lastKnownFileType = sourcecode.swift; path = LocationResult.swift; sourceTree = "<group>"; };
		74E45E132796AF7F005F986B /* EndpointType.swift */ = {isa = PBXFileReference; lastKnownFileType = sourcecode.swift; path = EndpointType.swift; sourceTree = "<group>"; };
		74E45E1D2796B553005F986B /* CharactersTabView.swift */ = {isa = PBXFileReference; fileEncoding = 4; lastKnownFileType = sourcecode.swift; path = CharactersTabView.swift; sourceTree = "<group>"; };
		74E45E1E2796B553005F986B /* CharCellView.swift */ = {isa = PBXFileReference; fileEncoding = 4; lastKnownFileType = sourcecode.swift; path = CharCellView.swift; sourceTree = "<group>"; };
		74E45E1F2796B553005F986B /* CharViewModel.swift */ = {isa = PBXFileReference; fileEncoding = 4; lastKnownFileType = sourcecode.swift; path = CharViewModel.swift; sourceTree = "<group>"; };
		74E45E252796C072005F986B /* LocationDetailView.swift */ = {isa = PBXFileReference; lastKnownFileType = sourcecode.swift; path = LocationDetailView.swift; sourceTree = "<group>"; };
		74E45E272796C07D005F986B /* LocationDetailViewModel.swift */ = {isa = PBXFileReference; lastKnownFileType = sourcecode.swift; path = LocationDetailViewModel.swift; sourceTree = "<group>"; };
/* End PBXFileReference section */

/* Begin PBXFrameworksBuildPhase section */
		744F66252794AA2B007A4336 /* Frameworks */ = {
			isa = PBXFrameworksBuildPhase;
			buildActionMask = 2147483647;
			files = (
			);
			runOnlyForDeploymentPostprocessing = 0;
		};
/* End PBXFrameworksBuildPhase section */

/* Begin PBXGroup section */
		744F661F2794AA2B007A4336 = {
			isa = PBXGroup;
			children = (
				744F662A2794AA2B007A4336 /* RickAndMorty */,
				744F66292794AA2B007A4336 /* Products */,
			);
			sourceTree = "<group>";
		};
		744F66292794AA2B007A4336 /* Products */ = {
			isa = PBXGroup;
			children = (
				744F66282794AA2B007A4336 /* RickAndMorty.app */,
			);
			name = Products;
			sourceTree = "<group>";
		};
		744F662A2794AA2B007A4336 /* RickAndMorty */ = {
			isa = PBXGroup;
			children = (
				74E45E292796CAC6005F986B /* Assets */,
				7467997927955FC000D84A6A /* App */,
				74E45E232796C011005F986B /* Views */,
				744F66442794C648007A4336 /* Network */,
				74E264DC2795A0AB0042CCB0 /* Utils */,
				744F66312794AA2D007A4336 /* Preview Content */,
			);
			path = RickAndMorty;
			sourceTree = "<group>";
		};
		744F66312794AA2D007A4336 /* Preview Content */ = {
			isa = PBXGroup;
			children = (
				744F66322794AA2D007A4336 /* Preview Assets.xcassets */,
			);
			path = "Preview Content";
			sourceTree = "<group>";
		};
		744F66442794C648007A4336 /* Network */ = {
			isa = PBXGroup;
			children = (
				7453FC7927957C1900ED9BB6 /* ResponseModels */,
				744F663D2794AB15007A4336 /* Service.swift */,
				744F663B2794AB07007A4336 /* RickAndMortyError.swift */,
				74E45E132796AF7F005F986B /* EndpointType.swift */,
			);
			path = Network;
			sourceTree = "<group>";
		};
		7453FC7727957BEF00ED9BB6 /* EpisodesScreen */ = {
			isa = PBXGroup;
			children = (
				7453FC7227957A2400ED9BB6 /* EpisodeCellView.swift */,
				7453FC7427957A5700ED9BB6 /* EpisodeViewModel.swift */,
				7453FC6E2795784D00ED9BB6 /* EpisodesTabView.swift */,
			);
			path = EpisodesScreen;
			sourceTree = "<group>";
		};
		7453FC7927957C1900ED9BB6 /* ResponseModels */ = {
			isa = PBXGroup;
			children = (
				74E45DFE2796ACBC005F986B /* CharacterModel */,
				74E45E0D2796AED2005F986B /* EpisodeModel */,
				74E45E102796AEFD005F986B /* LocationModel */,
				74E45E0B2796AE46005F986B /* InfoModel.swift */,
			);
			path = ResponseModels;
			sourceTree = "<group>";
		};
		7453FC7C2795816A00ED9BB6 /* EpisodeDetailScreen */ = {
			isa = PBXGroup;
			children = (
				7453FC7D2795818F00ED9BB6 /* EpisodeDetailView.swift */,
				7453FC7F2795819E00ED9BB6 /* EpisodeDetailViewModel.swift */,
			);
			path = EpisodeDetailScreen;
			sourceTree = "<group>";
		};
		7453FC81279582AE00ED9BB6 /* LocationsScreen */ = {
			isa = PBXGroup;
			children = (
				7453FC82279582C400ED9BB6 /* LocationViewModel.swift */,
				7453FC84279582D500ED9BB6 /* LocationTabView.swift */,
				7453FC86279582E000ED9BB6 /* LocationCellView.swift */,
			);
			path = LocationsScreen;
			sourceTree = "<group>";
		};
		7467997927955FC000D84A6A /* App */ = {
			isa = PBXGroup;
			children = (
				744F662B2794AA2B007A4336 /* RickAndMortyApp.swift */,
				744F662D2794AA2B007A4336 /* ContentView.swift */,
			);
			path = App;
			sourceTree = "<group>";
		};
		7467997C2795600B00D84A6A /* MainView */ = {
			isa = PBXGroup;
			children = (
				7467997A27955FD800D84A6A /* MainView.swift */,
				74CF389827975AAF000B526D /* TabBar Screen */,
			);
			path = MainView;
			sourceTree = "<group>";
		};
		74CF389827975AAF000B526D /* TabBar Screen */ = {
			isa = PBXGroup;
			children = (
				74E45E1C2796B54D005F986B /* CharactersScreen */,
				7453FC7727957BEF00ED9BB6 /* EpisodesScreen */,
				7453FC81279582AE00ED9BB6 /* LocationsScreen */,
			);
			path = "TabBar Screen";
			sourceTree = "<group>";
		};
		74CF389927975AC0000B526D /* Detail Screen */ = {
			isa = PBXGroup;
			children = (
				743014352797734B00B5FEFF /* PopupView.swift */,
				7453FC7C2795816A00ED9BB6 /* EpisodeDetailScreen */,
				74E45E242796C038005F986B /* LocationDetailScreen */,
			);
			path = "Detail Screen";
			sourceTree = "<group>";
		};
		74E264DC2795A0AB0042CCB0 /* Utils */ = {
			isa = PBXGroup;
			children = (
				74E264DD2795A0B40042CCB0 /* Extension */,
			);
			path = Utils;
			sourceTree = "<group>";
		};
		74E264DD2795A0B40042CCB0 /* Extension */ = {
			isa = PBXGroup;
			children = (
				7453FC7A27957ECA00ED9BB6 /* Double+Extension.swift */,
				7453FC8A2795966600ED9BB6 /* String+Extension.swift */,
				7430143327976E8400B5FEFF /* View+Extension.swift */,
			);
			path = Extension;
			sourceTree = "<group>";
		};
		74E45DFE2796ACBC005F986B /* CharacterModel */ = {
			isa = PBXGroup;
			children = (
				744F66392794AAB9007A4336 /* RickAndMortyModel.swift */,
				74E45E072796ADBD005F986B /* Character.swift */,
				74E45E092796ADEE005F986B /* Location.swift */,
			);
			path = CharacterModel;
			sourceTree = "<group>";
		};
		74E45E0D2796AED2005F986B /* EpisodeModel */ = {
			isa = PBXGroup;
			children = (
				7453FC702795799400ED9BB6 /* EpisodesModel.swift */,
				74E45E0E2796AEE7005F986B /* EpisodeResult.swift */,
			);
			path = EpisodeModel;
			sourceTree = "<group>";
		};
		74E45E102796AEFD005F986B /* LocationModel */ = {
			isa = PBXGroup;
			children = (
				7453FC88279582EE00ED9BB6 /* LocationModel.swift */,
				74E45E112796AF08005F986B /* LocationResult.swift */,
			);
			path = LocationModel;
			sourceTree = "<group>";
		};
		74E45E1C2796B54D005F986B /* CharactersScreen */ = {
			isa = PBXGroup;
			children = (
				74E45E1D2796B553005F986B /* CharactersTabView.swift */,
				74E45E1E2796B553005F986B /* CharCellView.swift */,
				74E45E1F2796B553005F986B /* CharViewModel.swift */,
			);
			path = CharactersScreen;
			sourceTree = "<group>";
		};
		74E45E232796C011005F986B /* Views */ = {
			isa = PBXGroup;
			children = (
				7467997C2795600B00D84A6A /* MainView */,
				74CF389927975AC0000B526D /* Detail Screen */,
			);
			path = Views;
			sourceTree = "<group>";
		};
		74E45E242796C038005F986B /* LocationDetailScreen */ = {
			isa = PBXGroup;
			children = (
				74E45E252796C072005F986B /* LocationDetailView.swift */,
				74E45E272796C07D005F986B /* LocationDetailViewModel.swift */,
			);
			path = LocationDetailScreen;
			sourceTree = "<group>";
		};
		74E45E292796CAC6005F986B /* Assets */ = {
			isa = PBXGroup;
			children = (
				744F662F2794AA2D007A4336 /* Assets.xcassets */,
			);
			path = Assets;
			sourceTree = "<group>";
		};
/* End PBXGroup section */

/* Begin PBXNativeTarget section */
		744F66272794AA2B007A4336 /* RickAndMorty */ = {
			isa = PBXNativeTarget;
			buildConfigurationList = 744F66362794AA2D007A4336 /* Build configuration list for PBXNativeTarget "RickAndMorty" */;
			buildPhases = (
				744F66242794AA2B007A4336 /* Sources */,
				744F66252794AA2B007A4336 /* Frameworks */,
				744F66262794AA2B007A4336 /* Resources */,
			);
			buildRules = (
			);
			dependencies = (
			);
			name = RickAndMorty;
			productName = RickAndMorty;
			productReference = 744F66282794AA2B007A4336 /* RickAndMorty.app */;
			productType = "com.apple.product-type.application";
		};
/* End PBXNativeTarget section */

/* Begin PBXProject section */
		744F66202794AA2B007A4336 /* Project object */ = {
			isa = PBXProject;
			attributes = {
				BuildIndependentTargetsInParallel = 1;
				LastSwiftUpdateCheck = 1320;
				LastUpgradeCheck = 1320;
				TargetAttributes = {
					744F66272794AA2B007A4336 = {
						CreatedOnToolsVersion = 13.2.1;
					};
				};
			};
			buildConfigurationList = 744F66232794AA2B007A4336 /* Build configuration list for PBXProject "RickAndMorty" */;
			compatibilityVersion = "Xcode 13.0";
			developmentRegion = en;
			hasScannedForEncodings = 0;
			knownRegions = (
				en,
				Base,
			);
			mainGroup = 744F661F2794AA2B007A4336;
			productRefGroup = 744F66292794AA2B007A4336 /* Products */;
			projectDirPath = "";
			projectRoot = "";
			targets = (
				744F66272794AA2B007A4336 /* RickAndMorty */,
			);
		};
/* End PBXProject section */

/* Begin PBXResourcesBuildPhase section */
		744F66262794AA2B007A4336 /* Resources */ = {
			isa = PBXResourcesBuildPhase;
			buildActionMask = 2147483647;
			files = (
				744F66332794AA2D007A4336 /* Preview Assets.xcassets in Resources */,
				744F66302794AA2D007A4336 /* Assets.xcassets in Resources */,
			);
			runOnlyForDeploymentPostprocessing = 0;
		};
/* End PBXResourcesBuildPhase section */

/* Begin PBXSourcesBuildPhase section */
		744F66242794AA2B007A4336 /* Sources */ = {
			isa = PBXSourcesBuildPhase;
			buildActionMask = 2147483647;
			files = (
				74E45E202796B553005F986B /* CharactersTabView.swift in Sources */,
				74E45E0F2796AEE7005F986B /* EpisodeResult.swift in Sources */,
				7453FC8B2795966600ED9BB6 /* String+Extension.swift in Sources */,
				7467997B27955FD800D84A6A /* MainView.swift in Sources */,
				7453FC7B27957ECA00ED9BB6 /* Double+Extension.swift in Sources */,
				74E45E122796AF08005F986B /* LocationResult.swift in Sources */,
				7453FC7E2795818F00ED9BB6 /* EpisodeDetailView.swift in Sources */,
				7453FC712795799400ED9BB6 /* EpisodesModel.swift in Sources */,
				744F663A2794AAB9007A4336 /* RickAndMortyModel.swift in Sources */,
				7453FC7327957A2400ED9BB6 /* EpisodeCellView.swift in Sources */,
				74E45E262796C072005F986B /* LocationDetailView.swift in Sources */,
				744F662E2794AA2B007A4336 /* ContentView.swift in Sources */,
				74E45E142796AF7F005F986B /* EndpointType.swift in Sources */,
				74E45E0C2796AE46005F986B /* InfoModel.swift in Sources */,
				74E45E222796B553005F986B /* CharViewModel.swift in Sources */,
				7453FC89279582EE00ED9BB6 /* LocationModel.swift in Sources */,
				7453FC83279582C400ED9BB6 /* LocationViewModel.swift in Sources */,
				74E45E082796ADBD005F986B /* Character.swift in Sources */,
				744F663E2794AB15007A4336 /* Service.swift in Sources */,
				7430143427976E8400B5FEFF /* View+Extension.swift in Sources */,
				7453FC7527957A5700ED9BB6 /* EpisodeViewModel.swift in Sources */,
				74E45E212796B553005F986B /* CharCellView.swift in Sources */,
				74E45E0A2796ADEE005F986B /* Location.swift in Sources */,
				744F662C2794AA2B007A4336 /* RickAndMortyApp.swift in Sources */,
				744F663C2794AB07007A4336 /* RickAndMortyError.swift in Sources */,
				7453FC6F2795784D00ED9BB6 /* EpisodesTabView.swift in Sources */,
				7453FC802795819E00ED9BB6 /* EpisodeDetailViewModel.swift in Sources */,
				743014362797734B00B5FEFF /* PopupView.swift in Sources */,
				7453FC87279582E000ED9BB6 /* LocationCellView.swift in Sources */,
				7453FC85279582D500ED9BB6 /* LocationTabView.swift in Sources */,
				74E45E282796C07D005F986B /* LocationDetailViewModel.swift in Sources */,
			);
			runOnlyForDeploymentPostprocessing = 0;
		};
/* End PBXSourcesBuildPhase section */

/* Begin XCBuildConfiguration section */
		744F66342794AA2D007A4336 /* Debug */ = {
			isa = XCBuildConfiguration;
			buildSettings = {
				ALWAYS_SEARCH_USER_PATHS = NO;
				CLANG_ANALYZER_NONNULL = YES;
				CLANG_ANALYZER_NUMBER_OBJECT_CONVERSION = YES_AGGRESSIVE;
				CLANG_CXX_LANGUAGE_STANDARD = "gnu++17";
				CLANG_CXX_LIBRARY = "libc++";
				CLANG_ENABLE_MODULES = YES;
				CLANG_ENABLE_OBJC_ARC = YES;
				CLANG_ENABLE_OBJC_WEAK = YES;
				CLANG_WARN_BLOCK_CAPTURE_AUTORELEASING = YES;
				CLANG_WARN_BOOL_CONVERSION = YES;
				CLANG_WARN_COMMA = YES;
				CLANG_WARN_CONSTANT_CONVERSION = YES;
				CLANG_WARN_DEPRECATED_OBJC_IMPLEMENTATIONS = YES;
				CLANG_WARN_DIRECT_OBJC_ISA_USAGE = YES_ERROR;
				CLANG_WARN_DOCUMENTATION_COMMENTS = YES;
				CLANG_WARN_EMPTY_BODY = YES;
				CLANG_WARN_ENUM_CONVERSION = YES;
				CLANG_WARN_INFINITE_RECURSION = YES;
				CLANG_WARN_INT_CONVERSION = YES;
				CLANG_WARN_NON_LITERAL_NULL_CONVERSION = YES;
				CLANG_WARN_OBJC_IMPLICIT_RETAIN_SELF = YES;
				CLANG_WARN_OBJC_LITERAL_CONVERSION = YES;
				CLANG_WARN_OBJC_ROOT_CLASS = YES_ERROR;
				CLANG_WARN_QUOTED_INCLUDE_IN_FRAMEWORK_HEADER = YES;
				CLANG_WARN_RANGE_LOOP_ANALYSIS = YES;
				CLANG_WARN_STRICT_PROTOTYPES = YES;
				CLANG_WARN_SUSPICIOUS_MOVE = YES;
				CLANG_WARN_UNGUARDED_AVAILABILITY = YES_AGGRESSIVE;
				CLANG_WARN_UNREACHABLE_CODE = YES;
				CLANG_WARN__DUPLICATE_METHOD_MATCH = YES;
				COPY_PHASE_STRIP = NO;
				DEBUG_INFORMATION_FORMAT = dwarf;
				ENABLE_STRICT_OBJC_MSGSEND = YES;
				ENABLE_TESTABILITY = YES;
				GCC_C_LANGUAGE_STANDARD = gnu11;
				GCC_DYNAMIC_NO_PIC = NO;
				GCC_NO_COMMON_BLOCKS = YES;
				GCC_OPTIMIZATION_LEVEL = 0;
				GCC_PREPROCESSOR_DEFINITIONS = (
					"DEBUG=1",
					"$(inherited)",
				);
				GCC_WARN_64_TO_32_BIT_CONVERSION = YES;
				GCC_WARN_ABOUT_RETURN_TYPE = YES_ERROR;
				GCC_WARN_UNDECLARED_SELECTOR = YES;
				GCC_WARN_UNINITIALIZED_AUTOS = YES_AGGRESSIVE;
				GCC_WARN_UNUSED_FUNCTION = YES;
				GCC_WARN_UNUSED_VARIABLE = YES;
				IPHONEOS_DEPLOYMENT_TARGET = 15.2;
				MTL_ENABLE_DEBUG_INFO = INCLUDE_SOURCE;
				MTL_FAST_MATH = YES;
				ONLY_ACTIVE_ARCH = YES;
				SDKROOT = iphoneos;
				SWIFT_ACTIVE_COMPILATION_CONDITIONS = DEBUG;
				SWIFT_OPTIMIZATION_LEVEL = "-Onone";
			};
			name = Debug;
		};
		744F66352794AA2D007A4336 /* Release */ = {
			isa = XCBuildConfiguration;
			buildSettings = {
				ALWAYS_SEARCH_USER_PATHS = NO;
				CLANG_ANALYZER_NONNULL = YES;
				CLANG_ANALYZER_NUMBER_OBJECT_CONVERSION = YES_AGGRESSIVE;
				CLANG_CXX_LANGUAGE_STANDARD = "gnu++17";
				CLANG_CXX_LIBRARY = "libc++";
				CLANG_ENABLE_MODULES = YES;
				CLANG_ENABLE_OBJC_ARC = YES;
				CLANG_ENABLE_OBJC_WEAK = YES;
				CLANG_WARN_BLOCK_CAPTURE_AUTORELEASING = YES;
				CLANG_WARN_BOOL_CONVERSION = YES;
				CLANG_WARN_COMMA = YES;
				CLANG_WARN_CONSTANT_CONVERSION = YES;
				CLANG_WARN_DEPRECATED_OBJC_IMPLEMENTATIONS = YES;
				CLANG_WARN_DIRECT_OBJC_ISA_USAGE = YES_ERROR;
				CLANG_WARN_DOCUMENTATION_COMMENTS = YES;
				CLANG_WARN_EMPTY_BODY = YES;
				CLANG_WARN_ENUM_CONVERSION = YES;
				CLANG_WARN_INFINITE_RECURSION = YES;
				CLANG_WARN_INT_CONVERSION = YES;
				CLANG_WARN_NON_LITERAL_NULL_CONVERSION = YES;
				CLANG_WARN_OBJC_IMPLICIT_RETAIN_SELF = YES;
				CLANG_WARN_OBJC_LITERAL_CONVERSION = YES;
				CLANG_WARN_OBJC_ROOT_CLASS = YES_ERROR;
				CLANG_WARN_QUOTED_INCLUDE_IN_FRAMEWORK_HEADER = YES;
				CLANG_WARN_RANGE_LOOP_ANALYSIS = YES;
				CLANG_WARN_STRICT_PROTOTYPES = YES;
				CLANG_WARN_SUSPICIOUS_MOVE = YES;
				CLANG_WARN_UNGUARDED_AVAILABILITY = YES_AGGRESSIVE;
				CLANG_WARN_UNREACHABLE_CODE = YES;
				CLANG_WARN__DUPLICATE_METHOD_MATCH = YES;
				COPY_PHASE_STRIP = NO;
				DEBUG_INFORMATION_FORMAT = "dwarf-with-dsym";
				ENABLE_NS_ASSERTIONS = NO;
				ENABLE_STRICT_OBJC_MSGSEND = YES;
				GCC_C_LANGUAGE_STANDARD = gnu11;
				GCC_NO_COMMON_BLOCKS = YES;
				GCC_WARN_64_TO_32_BIT_CONVERSION = YES;
				GCC_WARN_ABOUT_RETURN_TYPE = YES_ERROR;
				GCC_WARN_UNDECLARED_SELECTOR = YES;
				GCC_WARN_UNINITIALIZED_AUTOS = YES_AGGRESSIVE;
				GCC_WARN_UNUSED_FUNCTION = YES;
				GCC_WARN_UNUSED_VARIABLE = YES;
				IPHONEOS_DEPLOYMENT_TARGET = 15.2;
				MTL_ENABLE_DEBUG_INFO = NO;
				MTL_FAST_MATH = YES;
				SDKROOT = iphoneos;
				SWIFT_COMPILATION_MODE = wholemodule;
				SWIFT_OPTIMIZATION_LEVEL = "-O";
				VALIDATE_PRODUCT = YES;
			};
			name = Release;
		};
		744F66372794AA2D007A4336 /* Debug */ = {
			isa = XCBuildConfiguration;
			buildSettings = {
				ASSETCATALOG_COMPILER_APPICON_NAME = AppIcon;
				ASSETCATALOG_COMPILER_GLOBAL_ACCENT_COLOR_NAME = AccentColor;
				CODE_SIGN_STYLE = Automatic;
				CURRENT_PROJECT_VERSION = 1;
				DEVELOPMENT_ASSET_PATHS = "\"RickAndMorty/Preview Content\"";
				DEVELOPMENT_TEAM = 577CY7M88N;
				ENABLE_PREVIEWS = YES;
				GENERATE_INFOPLIST_FILE = YES;
				INFOPLIST_KEY_UIApplicationSceneManifest_Generation = YES;
				INFOPLIST_KEY_UIApplicationSupportsIndirectInputEvents = YES;
				INFOPLIST_KEY_UILaunchScreen_Generation = YES;
				INFOPLIST_KEY_UISupportedInterfaceOrientations_iPad = "UIInterfaceOrientationPortrait UIInterfaceOrientationPortraitUpsideDown UIInterfaceOrientationLandscapeLeft UIInterfaceOrientationLandscapeRight";
				INFOPLIST_KEY_UISupportedInterfaceOrientations_iPhone = "UIInterfaceOrientationPortrait UIInterfaceOrientationLandscapeLeft UIInterfaceOrientationLandscapeRight";
				IPHONEOS_DEPLOYMENT_TARGET = 15.0;
				LD_RUNPATH_SEARCH_PATHS = (
					"$(inherited)",
					"@executable_path/Frameworks",
				);
				MARKETING_VERSION = 1.0;
				PRODUCT_BUNDLE_IDENTIFIER = hasanalisiseci.RickAndMorty;
				PRODUCT_NAME = "$(TARGET_NAME)";
				SWIFT_EMIT_LOC_STRINGS = YES;
				SWIFT_VERSION = 5.0;
				TARGETED_DEVICE_FAMILY = "1,2";
			};
			name = Debug;
		};
		744F66382794AA2D007A4336 /* Release */ = {
			isa = XCBuildConfiguration;
			buildSettings = {
				ASSETCATALOG_COMPILER_APPICON_NAME = AppIcon;
				ASSETCATALOG_COMPILER_GLOBAL_ACCENT_COLOR_NAME = AccentColor;
				CODE_SIGN_STYLE = Automatic;
				CURRENT_PROJECT_VERSION = 1;
				DEVELOPMENT_ASSET_PATHS = "\"RickAndMorty/Preview Content\"";
				DEVELOPMENT_TEAM = 577CY7M88N;
				ENABLE_PREVIEWS = YES;
				GENERATE_INFOPLIST_FILE = YES;
				INFOPLIST_KEY_UIApplicationSceneManifest_Generation = YES;
				INFOPLIST_KEY_UIApplicationSupportsIndirectInputEvents = YES;
				INFOPLIST_KEY_UILaunchScreen_Generation = YES;
				INFOPLIST_KEY_UISupportedInterfaceOrientations_iPad = "UIInterfaceOrientationPortrait UIInterfaceOrientationPortraitUpsideDown UIInterfaceOrientationLandscapeLeft UIInterfaceOrientationLandscapeRight";
				INFOPLIST_KEY_UISupportedInterfaceOrientations_iPhone = "UIInterfaceOrientationPortrait UIInterfaceOrientationLandscapeLeft UIInterfaceOrientationLandscapeRight";
				IPHONEOS_DEPLOYMENT_TARGET = 15.0;
				LD_RUNPATH_SEARCH_PATHS = (
					"$(inherited)",
					"@executable_path/Frameworks",
				);
				MARKETING_VERSION = 1.0;
				PRODUCT_BUNDLE_IDENTIFIER = hasanalisiseci.RickAndMorty;
				PRODUCT_NAME = "$(TARGET_NAME)";
				SWIFT_EMIT_LOC_STRINGS = YES;
				SWIFT_VERSION = 5.0;
				TARGETED_DEVICE_FAMILY = "1,2";
			};
			name = Release;
		};
/* End XCBuildConfiguration section */

/* Begin XCConfigurationList section */
		744F66232794AA2B007A4336 /* Build configuration list for PBXProject "RickAndMorty" */ = {
			isa = XCConfigurationList;
			buildConfigurations = (
				744F66342794AA2D007A4336 /* Debug */,
				744F66352794AA2D007A4336 /* Release */,
			);
			defaultConfigurationIsVisible = 0;
			defaultConfigurationName = Release;
		};
		744F66362794AA2D007A4336 /* Build configuration list for PBXNativeTarget "RickAndMorty" */ = {
			isa = XCConfigurationList;
			buildConfigurations = (
				744F66372794AA2D007A4336 /* Debug */,
				744F66382794AA2D007A4336 /* Release */,
			);
			defaultConfigurationIsVisible = 0;
			defaultConfigurationName = Release;
		};
/* End XCConfigurationList section */
	};
	rootObject = 744F66202794AA2B007A4336 /* Project object */;
}
